{
    "_readme": [
        "This file locks the dependencies of your project to a known state",
        "Read more about it at https://getcomposer.org/doc/01-basic-usage.md#installing-dependencies",
        "This file is @generated automatically"
    ],
    "content-hash": "7bef00cba1d9e826f99695b4615a917e",
    "packages": [
        {
            "name": "caseyamcl/toc",
            "version": "v3.0.1",
            "source": {
                "type": "git",
                "url": "https://github.com/caseyamcl/toc.git",
                "reference": "8eb23fcb5166b9cb957a7b8afba2b95b91e681f9"
            },
            "dist": {
                "type": "zip",
                "url": "https://api.github.com/repos/caseyamcl/toc/zipball/8eb23fcb5166b9cb957a7b8afba2b95b91e681f9",
                "reference": "8eb23fcb5166b9cb957a7b8afba2b95b91e681f9",
                "shasum": ""
            },
            "require": {
                "cocur/slugify": "^1.0|^2.0|^3.0|^4.0",
                "ext-dom": "*",
                "knplabs/knp-menu": "^3.0",
                "masterminds/html5": "^2.1",
                "php": "^7.1|^8.0"
            },
            "require-dev": {
                "jaschilz/php-coverage-badger": "^2.0",
                "phpstan/phpstan": "^0.12",
                "phpunit/phpunit": "^7.5|^8.0|^9.0",
                "squizlabs/php_codesniffer": "^3.5",
                "twig/twig": "^2.4|^3.0"
            },
            "type": "library",
            "autoload": {
                "psr-4": {
                    "TOC\\": [
                        "src",
                        "tests"
                    ]
                }
            },
            "notification-url": "https://packagist.org/downloads/",
            "license": [
                "MIT"
            ],
            "authors": [
                {
                    "name": "Casey McLaughlin",
                    "email": "caseyamcl@gmail.com",
                    "homepage": "http://caseymclaughlin.com",
                    "role": "Developer"
                }
            ],
            "description": "Simple Table-of-Contents Generator for PHP.  Generates TOCs based off H1...H6 tags",
            "homepage": "http://github.com/caseyamcl/toc",
            "keywords": [
                "TOC",
                "table of contents"
            ],
            "time": "2020-12-07T19:20:03+00:00"
        },
        {
            "name": "cocur/slugify",
            "version": "v4.0.0",
            "source": {
                "type": "git",
                "url": "https://github.com/cocur/slugify.git",
                "reference": "3f1ffc300f164f23abe8b64ffb3f92d35cec8307"
            },
            "dist": {
                "type": "zip",
                "url": "https://api.github.com/repos/cocur/slugify/zipball/3f1ffc300f164f23abe8b64ffb3f92d35cec8307",
                "reference": "3f1ffc300f164f23abe8b64ffb3f92d35cec8307",
                "shasum": ""
            },
            "require": {
                "ext-mbstring": "*",
                "php": ">=7.0"
            },
            "conflict": {
                "symfony/config": "<3.4 || >=4,<4.3",
                "symfony/dependency-injection": "<3.4 || >=4,<4.3",
                "symfony/http-kernel": "<3.4 || >=4,<4.3",
                "twig/twig": "<2.12.1"
            },
            "require-dev": {
                "laravel/framework": "~5.1",
                "latte/latte": "~2.2",
                "league/container": "^2.2.0",
                "mikey179/vfsstream": "~1.6.8",
                "mockery/mockery": "^1.3",
                "nette/di": "~2.4",
                "phpunit/phpunit": "^5.7.27",
                "pimple/pimple": "~1.1",
                "plumphp/plum": "~0.1",
                "symfony/config": "^3.4 || ^4.3 || ^5.0",
                "symfony/dependency-injection": "^3.4 || ^4.3 || ^5.0",
                "symfony/http-kernel": "^3.4 || ^4.3 || ^5.0",
                "twig/twig": "^2.12.1 || ~3.0",
                "zendframework/zend-modulemanager": "~2.2",
                "zendframework/zend-servicemanager": "~2.2",
                "zendframework/zend-view": "~2.2"
            },
            "type": "library",
            "autoload": {
                "psr-4": {
                    "Cocur\\Slugify\\": "src"
                }
            },
            "notification-url": "https://packagist.org/downloads/",
            "license": [
                "MIT"
            ],
            "authors": [
                {
                    "name": "Florian Eckerstorfer",
                    "email": "florian@eckerstorfer.co",
                    "homepage": "https://florian.ec"
                },
                {
                    "name": "Ivo Bathke",
                    "email": "ivo.bathke@gmail.com"
                }
            ],
            "description": "Converts a string into a slug.",
            "keywords": [
                "slug",
                "slugify"
            ],
            "time": "2019-12-14T13:04:14+00:00"
        },
        {
            "name": "johnbillion/extended-cpts",
            "version": "4.4.1",
            "source": {
                "type": "git",
                "url": "https://github.com/johnbillion/extended-cpts.git",
                "reference": "b62d104bffbf9998a1063879565f61c289f0c6a9"
            },
            "dist": {
                "type": "zip",
                "url": "https://api.github.com/repos/johnbillion/extended-cpts/zipball/b62d104bffbf9998a1063879565f61c289f0c6a9",
                "reference": "b62d104bffbf9998a1063879565f61c289f0c6a9",
                "shasum": ""
            },
            "require": {
                "php": "^7.0"
            },
            "require-dev": {
                "automattic/phpcs-neutron-standard": "1.5.4",
                "dealerdirect/phpcodesniffer-composer-installer": "^0.7",
                "johnbillion/falsey-assertequals-detector": "^2",
                "johnbillion/php-docs-standards": "^1",
                "phpcompatibility/phpcompatibility-wp": "^2",
                "phpunit/phpunit": "^6",
                "roots/wordpress": "*",
                "vlucas/phpdotenv": "^3",
                "wp-cli/db-command": "^2.0",
                "wp-coding-standards/wpcs": "2.3.0",
                "wp-phpunit/wp-phpunit": "*"
            },
            "suggest": {
                "seravo/wp-custom-bulk-actions": "Custom Bulk Actions",
                "wpackagist-plugin/rewrite-testing": "Rewrite Rule Testing"
            },
            "type": "library",
            "extra": {
                "wordpress-install-dir": "tests/wordpress"
            },
            "autoload": {
                "psr-4": {
                    "ExtCPTs\\Tests\\": "tests/phpunit"
                },
                "files": [
                    "extended-cpts.php"
                ]
            },
            "notification-url": "https://packagist.org/downloads/",
            "license": [
                "GPL-2.0+"
            ],
            "authors": [
                {
                    "name": "John Blackbourn",
                    "homepage": "https://johnblackbourn.com/"
                }
            ],
            "description": "A library which provides extended functionality to WordPress custom post types and taxonomies.",
            "homepage": "https://github.com/johnbillion/extended-cpts/",
            "funding": [
                {
                    "url": "https://github.com/johnbillion",
                    "type": "github"
                }
            ],
            "time": "2020-12-05T20:15:02+00:00"
        },
        {
            "name": "knplabs/knp-menu",
            "version": "v3.1.2",
            "source": {
                "type": "git",
                "url": "https://github.com/KnpLabs/KnpMenu.git",
                "reference": "9996764bc4bdc4381ecdc4617817de23948f0cdb"
            },
            "dist": {
                "type": "zip",
                "url": "https://api.github.com/repos/KnpLabs/KnpMenu/zipball/9996764bc4bdc4381ecdc4617817de23948f0cdb",
                "reference": "9996764bc4bdc4381ecdc4617817de23948f0cdb",
                "shasum": ""
            },
            "require": {
                "php": "^7.2 || ^8.0"
            },
            "conflict": {
                "twig/twig": "<1.40 || >=2,<2.9"
            },
            "require-dev": {
                "phpspec/prophecy": "^1.8",
                "psr/container": "^1.0",
                "symfony/http-foundation": "^3.4 || ^4.2|| ^5.0",
                "symfony/phpunit-bridge": "^3.3 || ^4.2|| ^5.0",
                "symfony/routing": "^3.4 || ^4.2|| ^5.0",
                "twig/twig": "^1.40 || ^2.9 || ^3.0"
            },
            "suggest": {
                "twig/twig": "for the TwigRenderer and the integration with your templates"
            },
            "type": "library",
            "extra": {
                "branch-alias": {
                    "dev-master": "3.2-dev"
                }
            },
            "autoload": {
                "psr-4": {
                    "Knp\\Menu\\": "src/Knp/Menu"
                }
            },
            "notification-url": "https://packagist.org/downloads/",
            "license": [
                "MIT"
            ],
            "authors": [
                {
                    "name": "KnpLabs",
                    "homepage": "https://knplabs.com"
                },
                {
                    "name": "Christophe Coevoet",
                    "email": "stof@notk.org"
                },
                {
                    "name": "The Community",
                    "homepage": "https://github.com/KnpLabs/KnpMenu/contributors"
                }
            ],
            "description": "An object oriented menu library",
            "homepage": "https://knplabs.com",
            "keywords": [
                "menu",
                "tree"
            ],
            "time": "2020-08-15T08:01:46+00:00"
        },
        {
            "name": "masterminds/html5",
            "version": "2.7.4",
            "source": {
                "type": "git",
                "url": "https://github.com/Masterminds/html5-php.git",
                "reference": "9227822783c75406cfe400984b2f095cdf03d417"
            },
            "dist": {
                "type": "zip",
                "url": "https://api.github.com/repos/Masterminds/html5-php/zipball/9227822783c75406cfe400984b2f095cdf03d417",
                "reference": "9227822783c75406cfe400984b2f095cdf03d417",
                "shasum": ""
            },
            "require": {
                "ext-ctype": "*",
                "ext-dom": "*",
                "ext-libxml": "*",
                "php": ">=5.3.0"
            },
            "require-dev": {
                "phpunit/phpunit": "^4.8.35"
            },
            "type": "library",
            "extra": {
                "branch-alias": {
                    "dev-master": "2.7-dev"
                }
            },
            "autoload": {
                "psr-4": {
                    "Masterminds\\": "src"
                }
            },
            "notification-url": "https://packagist.org/downloads/",
            "license": [
                "MIT"
            ],
            "authors": [
                {
                    "name": "Matt Butcher",
                    "email": "technosophos@gmail.com"
                },
                {
                    "name": "Matt Farina",
                    "email": "matt@mattfarina.com"
                },
                {
                    "name": "Asmir Mustafic",
                    "email": "goetas@gmail.com"
                }
            ],
            "description": "An HTML5 parser and serializer.",
            "homepage": "http://masterminds.github.io/html5-php",
            "keywords": [
                "HTML5",
                "dom",
                "html",
                "parser",
                "querypath",
                "serializer",
                "xml"
            ],
            "time": "2020-10-01T13:52:52+00:00"
        }
    ],
    "packages-dev": [
        {
            "name": "squizlabs/php_codesniffer",
            "version": "3.5.8",
            "source": {
                "type": "git",
                "url": "https://github.com/squizlabs/PHP_CodeSniffer.git",
                "reference": "9d583721a7157ee997f235f327de038e7ea6dac4"
            },
            "dist": {
                "type": "zip",
                "url": "https://api.github.com/repos/squizlabs/PHP_CodeSniffer/zipball/9d583721a7157ee997f235f327de038e7ea6dac4",
                "reference": "9d583721a7157ee997f235f327de038e7ea6dac4",
                "shasum": ""
            },
            "require": {
                "ext-simplexml": "*",
                "ext-tokenizer": "*",
                "ext-xmlwriter": "*",
                "php": ">=5.4.0"
            },
            "require-dev": {
                "phpunit/phpunit": "^4.0 || ^5.0 || ^6.0 || ^7.0"
            },
            "bin": [
                "bin/phpcs",
                "bin/phpcbf"
            ],
            "type": "library",
            "extra": {
                "branch-alias": {
                    "dev-master": "3.x-dev"
                }
            },
            "notification-url": "https://packagist.org/downloads/",
            "license": [
                "BSD-3-Clause"
            ],
            "authors": [
                {
                    "name": "Greg Sherwood",
                    "role": "lead"
                }
            ],
            "description": "PHP_CodeSniffer tokenizes PHP, JavaScript and CSS files and detects violations of a defined set of coding standards.",
            "homepage": "https://github.com/squizlabs/PHP_CodeSniffer",
            "keywords": [
                "phpcs",
                "standards"
            ],
            "time": "2020-10-23T02:01:07+00:00"
        }
    ],
    "aliases": [],
    "minimum-stability": "stable",
    "stability-flags": [],
    "prefer-stable": false,
    "prefer-lowest": false,
    "platform": {
        "php": ">=7.2.5"
    },
    "platform-dev": [],
    "plugin-api-version": "1.1.0"
}
